
Microsoft Visual Studio Solution File, Format Version 12.00
# Visual Studio Version 17
VisualStudioVersion = 17.9.34728.123
MinimumVisualStudioVersion = 10.0.40219.1
Project("{FAE04EC0-301F-11D3-BF4B-00C04F79EFBC}") = "Todo", "Todo.csproj", "{D5C37C0A-3934-46AF-8979-FCE3D4A99D37}"
EndProject
Global
	GlobalSection(SolutionConfigurationPlatforms) = preSolution
		Debug|Any CPU = Debug|Any CPU
		Release|Any CPU = Release|Any CPU
	EndGlobalSection
	GlobalSection(ProjectConfigurationPlatforms) = postSolution
		{D5C37C0A-3934-46AF-8979-FCE3D4A99D37}.Debug|Any CPU.ActiveCfg = Debug|Any CPU
		{D5C37C0A-3934-46AF-8979-FCE3D4A99D37}.Debug|Any CPU.Build.0 = Debug|Any CPU
		{D5C37C0A-3934-46AF-8979-FCE3D4A99D37}.Debug|Any CPU.Deploy.0 = Debug|Any CPU
		{D5C37C0A-3934-46AF-8979-FCE3D4A99D37}.Release|Any CPU.ActiveCfg = Release|Any CPU
		{D5C37C0A-3934-46AF-8979-FCE3D4A99D37}.Release|Any CPU.Build.0 = Release|Any CPU
		{D5C37C0A-3934-46AF-8979-FCE3D4A99D37}.Release|Any CPU.Deploy.0 = Release|Any CPU
	EndGlobalSection
	GlobalSection(SolutionProperties) = preSolution
		HideSolutionNode = FALSE
	EndGlobalSection
	GlobalSection(ExtensibilityGlobals) = postSolution
		SolutionGuid = {8715914F-4A62-4DBD-854C-820D864BE55E}
	EndGlobalSection
EndGlobal
